// !$*UTF8*$!
{
	archiveVersion = 1;
	classes = {
	};
	objectVersion = 50;
	objects = {

/* Begin PBXBuildFile section */
		4E5E8B67216A7A43002B564C /* AppDelegate.swift in Sources */ = {isa = PBXBuildFile; fileRef = 4E5E8B66216A7A43002B564C /* AppDelegate.swift */; };
		4E5E8B6C216A7A43002B564C /* Main.storyboard in Resources */ = {isa = PBXBuildFile; fileRef = 4E5E8B6A216A7A43002B564C /* Main.storyboard */; };
		4E5E8B6E216A7A44002B564C /* Assets.xcassets in Resources */ = {isa = PBXBuildFile; fileRef = 4E5E8B6D216A7A44002B564C /* Assets.xcassets */; };
		4E5E8B71216A7A44002B564C /* LaunchScreen.storyboard in Resources */ = {isa = PBXBuildFile; fileRef = 4E5E8B6F216A7A44002B564C /* LaunchScreen.storyboard */; };
		4E5E8B81216A7F7B002B564C /* PropertyList.swift in Sources */ = {isa = PBXBuildFile; fileRef = 4E5E8B7A216A7F7B002B564C /* PropertyList.swift */; };
		4E5E8B82216A7F7B002B564C /* HistoryDetailViewController.swift in Sources */ = {isa = PBXBuildFile; fileRef = 4E5E8B7C216A7F7B002B564C /* HistoryDetailViewController.swift */; };
		4E5E8B83216A7F7B002B564C /* MileageTrackerViewController.swift in Sources */ = {isa = PBXBuildFile; fileRef = 4E5E8B7D216A7F7B002B564C /* MileageTrackerViewController.swift */; };
		4E5E8B84216A7F7B002B564C /* EntryViewController.swift in Sources */ = {isa = PBXBuildFile; fileRef = 4E5E8B7E216A7F7B002B564C /* EntryViewController.swift */; };
		4E5E8B85216A7F7B002B564C /* HistoryTableViewController.swift in Sources */ = {isa = PBXBuildFile; fileRef = 4E5E8B7F216A7F7B002B564C /* HistoryTableViewController.swift */; };
		4E5E8B86216A7F7B002B564C /* SummaryTableViewController.swift in Sources */ = {isa = PBXBuildFile; fileRef = 4E5E8B80216A7F7B002B564C /* SummaryTableViewController.swift */; };
/* End PBXBuildFile section */

/* Begin PBXFileReference section */
		4E5E8B63216A7A43002B564C /* LeaseTracker.app */ = {isa = PBXFileReference; explicitFileType = wrapper.application; includeInIndex = 0; path = LeaseTracker.app; sourceTree = BUILT_PRODUCTS_DIR; };
		4E5E8B66216A7A43002B564C /* AppDelegate.swift */ = {isa = PBXFileReference; lastKnownFileType = sourcecode.swift; path = AppDelegate.swift; sourceTree = "<group>"; };
		4E5E8B6B216A7A43002B564C /* Base */ = {isa = PBXFileReference; lastKnownFileType = file.storyboard; name = Base; path = Base.lproj/Main.storyboard; sourceTree = "<group>"; };
		4E5E8B6D216A7A44002B564C /* Assets.xcassets */ = {isa = PBXFileReference; lastKnownFileType = folder.assetcatalog; path = Assets.xcassets; sourceTree = "<group>"; };
		4E5E8B70216A7A44002B564C /* Base */ = {isa = PBXFileReference; lastKnownFileType = file.storyboard; name = Base; path = Base.lproj/LaunchScreen.storyboard; sourceTree = "<group>"; };
		4E5E8B72216A7A44002B564C /* Info.plist */ = {isa = PBXFileReference; lastKnownFileType = text.plist.xml; path = Info.plist; sourceTree = "<group>"; };
		4E5E8B7A216A7F7B002B564C /* PropertyList.swift */ = {isa = PBXFileReference; fileEncoding = 4; lastKnownFileType = sourcecode.swift; path = PropertyList.swift; sourceTree = "<group>"; };
		4E5E8B7C216A7F7B002B564C /* HistoryDetailViewController.swift */ = {isa = PBXFileReference; fileEncoding = 4; lastKnownFileType = sourcecode.swift; path = HistoryDetailViewController.swift; sourceTree = "<group>"; };
		4E5E8B7D216A7F7B002B564C /* MileageTrackerViewController.swift */ = {isa = PBXFileReference; fileEncoding = 4; lastKnownFileType = sourcecode.swift; path = MileageTrackerViewController.swift; sourceTree = "<group>"; };
		4E5E8B7E216A7F7B002B564C /* EntryViewController.swift */ = {isa = PBXFileReference; fileEncoding = 4; lastKnownFileType = sourcecode.swift; path = EntryViewController.swift; sourceTree = "<group>"; };
		4E5E8B7F216A7F7B002B564C /* HistoryTableViewController.swift */ = {isa = PBXFileReference; fileEncoding = 4; lastKnownFileType = sourcecode.swift; path = HistoryTableViewController.swift; sourceTree = "<group>"; };
		4E5E8B80216A7F7B002B564C /* SummaryTableViewController.swift */ = {isa = PBXFileReference; fileEncoding = 4; lastKnownFileType = sourcecode.swift; path = SummaryTableViewController.swift; sourceTree = "<group>"; };
/* End PBXFileReference section */

/* Begin PBXFrameworksBuildPhase section */
		4E5E8B60216A7A43002B564C /* Frameworks */ = {
			isa = PBXFrameworksBuildPhase;
			buildActionMask = 2147483647;
			files = (
			);
			runOnlyForDeploymentPostprocessing = 0;
		};
/* End PBXFrameworksBuildPhase section */

/* Begin PBXGroup section */
		4E5E8B5A216A7A43002B564C = {
			isa = PBXGroup;
			children = (
				4E5E8B65216A7A43002B564C /* LeaseTracker */,
				4E5E8B64216A7A43002B564C /* Products */,
			);
			sourceTree = "<group>";
		};
		4E5E8B64216A7A43002B564C /* Products */ = {
			isa = PBXGroup;
			children = (
				4E5E8B63216A7A43002B564C /* LeaseTracker.app */,
			);
			name = Products;
			sourceTree = "<group>";
		};
		4E5E8B65216A7A43002B564C /* LeaseTracker */ = {
			isa = PBXGroup;
			children = (
				4E5E8B66216A7A43002B564C /* AppDelegate.swift */,
				4E5E8B78216A7F7B002B564C /* Classes */,
				4E5E8B6A216A7A43002B564C /* Main.storyboard */,
				4E5E8B6D216A7A44002B564C /* Assets.xcassets */,
				4E5E8B6F216A7A44002B564C /* LaunchScreen.storyboard */,
				4E5E8B72216A7A44002B564C /* Info.plist */,
			);
			path = LeaseTracker;
			sourceTree = "<group>";
		};
		4E5E8B78216A7F7B002B564C /* Classes */ = {
			isa = PBXGroup;
			children = (
				4E5E8B79216A7F7B002B564C /* Utilities */,
				4E5E8B7B216A7F7B002B564C /* ViewControllers */,
			);
			path = Classes;
			sourceTree = "<group>";
		};
		4E5E8B79216A7F7B002B564C /* Utilities */ = {
			isa = PBXGroup;
			children = (
				4E5E8B7A216A7F7B002B564C /* PropertyList.swift */,
			);
			path = Utilities;
			sourceTree = "<group>";
		};
		4E5E8B7B216A7F7B002B564C /* ViewControllers */ = {
			isa = PBXGroup;
			children = (
				4E5E8B7C216A7F7B002B564C /* HistoryDetailViewController.swift */,
				4E5E8B7D216A7F7B002B564C /* MileageTrackerViewController.swift */,
				4E5E8B7E216A7F7B002B564C /* EntryViewController.swift */,
				4E5E8B7F216A7F7B002B564C /* HistoryTableViewController.swift */,
				4E5E8B80216A7F7B002B564C /* SummaryTableViewController.swift */,
			);
			path = ViewControllers;
			sourceTree = "<group>";
		};
/* End PBXGroup section */

/* Begin PBXNativeTarget section */
		4E5E8B62216A7A43002B564C /* LeaseTracker */ = {
			isa = PBXNativeTarget;
			buildConfigurationList = 4E5E8B75216A7A44002B564C /* Build configuration list for PBXNativeTarget "LeaseTracker" */;
			buildPhases = (
				4E5E8B5F216A7A43002B564C /* Sources */,
				4E5E8B60216A7A43002B564C /* Frameworks */,
				4E5E8B61216A7A43002B564C /* Resources */,
			);
			buildRules = (
			);
			dependencies = (
			);
			name = LeaseTracker;
			productName = LeaseTracker;
			productReference = 4E5E8B63216A7A43002B564C /* LeaseTracker.app */;
			productType = "com.apple.product-type.application";
		};
/* End PBXNativeTarget section */

/* Begin PBXProject section */
		4E5E8B5B216A7A43002B564C /* Project object */ = {
			isa = PBXProject;
			attributes = {
				LastSwiftUpdateCheck = 0940;
				LastUpgradeCheck = 0940;
				ORGANIZATIONNAME = "Gene Backlin";
				TargetAttributes = {
					4E5E8B62216A7A43002B564C = {
						CreatedOnToolsVersion = 9.4.1;
						LastSwiftMigration = 1010;
					};
				};
			};
			buildConfigurationList = 4E5E8B5E216A7A43002B564C /* Build configuration list for PBXProject "LeaseTracker" */;
			compatibilityVersion = "Xcode 9.3";
			developmentRegion = en;
			hasScannedForEncodings = 0;
			knownRegions = (
				en,
				Base,
			);
			mainGroup = 4E5E8B5A216A7A43002B564C;
			productRefGroup = 4E5E8B64216A7A43002B564C /* Products */;
			projectDirPath = "";
			projectRoot = "";
			targets = (
				4E5E8B62216A7A43002B564C /* LeaseTracker */,
			);
		};
/* End PBXProject section */

/* Begin PBXResourcesBuildPhase section */
		4E5E8B61216A7A43002B564C /* Resources */ = {
			isa = PBXResourcesBuildPhase;
			buildActionMask = 2147483647;
			files = (
				4E5E8B71216A7A44002B564C /* LaunchScreen.storyboard in Resources */,
				4E5E8B6E216A7A44002B564C /* Assets.xcassets in Resources */,
				4E5E8B6C216A7A43002B564C /* Main.storyboard in Resources */,
			);
			runOnlyForDeploymentPostprocessing = 0;
		};
/* End PBXResourcesBuildPhase section */

/* Begin PBXSourcesBuildPhase section */
		4E5E8B5F216A7A43002B564C /* Sources */ = {
			isa = PBXSourcesBuildPhase;
			buildActionMask = 2147483647;
			files = (
				4E5E8B86216A7F7B002B564C /* SummaryTableViewController.swift in Sources */,
				4E5E8B82216A7F7B002B564C /* HistoryDetailViewController.swift in Sources */,
				4E5E8B83216A7F7B002B564C /* MileageTrackerViewController.swift in Sources */,
				4E5E8B67216A7A43002B564C /* AppDelegate.swift in Sources */,
				4E5E8B85216A7F7B002B564C /* HistoryTableViewController.swift in Sources */,
				4E5E8B81216A7F7B002B564C /* PropertyList.swift in Sources */,
				4E5E8B84216A7F7B002B564C /* EntryViewController.swift in Sources */,
			);
			runOnlyForDeploymentPostprocessing = 0;
		};
/* End PBXSourcesBuildPhase section */

/* Begin PBXVariantGroup section */
		4E5E8B6A216A7A43002B564C /* Main.storyboard */ = {
			isa = PBXVariantGroup;
			children = (
				4E5E8B6B216A7A43002B564C /* Base */,
			);
			name = Main.storyboard;
			sourceTree = "<group>";
		};
		4E5E8B6F216A7A44002B564C /* LaunchScreen.storyboard */ = {
			isa = PBXVariantGroup;
			children = (
				4E5E8B70216A7A44002B564C /* Base */,
			);
			name = LaunchScreen.storyboard;
			sourceTree = "<group>";
		};
/* End PBXVariantGroup section */

/* Begin XCBuildConfiguration section */
		4E5E8B73216A7A44002B564C /* Debug */ = {
			isa = XCBuildConfiguration;
			buildSettings = {
				ALWAYS_SEARCH_USER_PATHS = NO;
				CLANG_ANALYZER_NONNULL = YES;
				CLANG_ANALYZER_NUMBER_OBJECT_CONVERSION = YES_AGGRESSIVE;
				CLANG_CXX_LANGUAGE_STANDARD = "gnu++14";
				CLANG_CXX_LIBRARY = "libc++";
				CLANG_ENABLE_MODULES = YES;
				CLANG_ENABLE_OBJC_ARC = YES;
				CLANG_ENABLE_OBJC_WEAK = YES;
				CLANG_WARN_BLOCK_CAPTURE_AUTORELEASING = YES;
				CLANG_WARN_BOOL_CONVERSION = YES;
				CLANG_WARN_COMMA = YES;
				CLANG_WARN_CONSTANT_CONVERSION = YES;
				CLANG_WARN_DEPRECATED_OBJC_IMPLEMENTATIONS = YES;
				CLANG_WARN_DIRECT_OBJC_ISA_USAGE = YES_ERROR;
				CLANG_WARN_DOCUMENTATION_COMMENTS = YES;
				CLANG_WARN_EMPTY_BODY = YES;
				CLANG_WARN_ENUM_CONVERSION = YES;
				CLANG_WARN_INFINITE_RECURSION = YES;
				CLANG_WARN_INT_CONVERSION = YES;
				CLANG_WARN_NON_LITERAL_NULL_CONVERSION = YES;
				CLANG_WARN_OBJC_IMPLICIT_RETAIN_SELF = YES;
				CLANG_WARN_OBJC_LITERAL_CONVERSION = YES;
				CLANG_WARN_OBJC_ROOT_CLASS = YES_ERROR;
				CLANG_WARN_RANGE_LOOP_ANALYSIS = YES;
				CLANG_WARN_STRICT_PROTOTYPES = YES;
				CLANG_WARN_SUSPICIOUS_MOVE = YES;
				CLANG_WARN_UNGUARDED_AVAILABILITY = YES_AGGRESSIVE;
				CLANG_WARN_UNREACHABLE_CODE = YES;
				CLANG_WARN__DUPLICATE_METHOD_MATCH = YES;
				CODE_SIGN_IDENTITY = "iPhone Developer";
				COPY_PHASE_STRIP = NO;
				DEBUG_INFORMATION_FORMAT = dwarf;
				ENABLE_STRICT_OBJC_MSGSEND = YES;
				ENABLE_TESTABILITY = YES;
				GCC_C_LANGUAGE_STANDARD = gnu11;
				GCC_DYNAMIC_NO_PIC = NO;
				GCC_NO_COMMON_BLOCKS = YES;
				GCC_OPTIMIZATION_LEVEL = 0;
				GCC_PREPROCESSOR_DEFINITIONS = (
					"DEBUG=1",
					"$(inherited)",
				);
				GCC_WARN_64_TO_32_BIT_CONVERSION = YES;
				GCC_WARN_ABOUT_RETURN_TYPE = YES_ERROR;
				GCC_WARN_UNDECLARED_SELECTOR = YES;
				GCC_WARN_UNINITIALIZED_AUTOS = YES_AGGRESSIVE;
				GCC_WARN_UNUSED_FUNCTION = YES;
				GCC_WARN_UNUSED_VARIABLE = YES;
				IPHONEOS_DEPLOYMENT_TARGET = 10.0;
				MTL_ENABLE_DEBUG_INFO = YES;
				ONLY_ACTIVE_ARCH = YES;
				SDKROOT = iphoneos;
				SWIFT_ACTIVE_COMPILATION_CONDITIONS = DEBUG;
				SWIFT_OPTIMIZATION_LEVEL = "-Onone";
			};
			name = Debug;
		};
		4E5E8B74216A7A44002B564C /* Release */ = {
			isa = XCBuildConfiguration;
			buildSettings = {
				ALWAYS_SEARCH_USER_PATHS = NO;
				CLANG_ANALYZER_NONNULL = YES;
				CLANG_ANALYZER_NUMBER_OBJECT_CONVERSION = YES_AGGRESSIVE;
				CLANG_CXX_LANGUAGE_STANDARD = "gnu++14";
				CLANG_CXX_LIBRARY = "libc++";
				CLANG_ENABLE_MODULES = YES;
				CLANG_ENABLE_OBJC_ARC = YES;
				CLANG_ENABLE_OBJC_WEAK = YES;
				CLANG_WARN_BLOCK_CAPTURE_AUTORELEASING = YES;
				CLANG_WARN_BOOL_CONVERSION = YES;
				CLANG_WARN_COMMA = YES;
				CLANG_WARN_CONSTANT_CONVERSION = YES;
				CLANG_WARN_DEPRECATED_OBJC_IMPLEMENTATIONS = YES;
				CLANG_WARN_DIRECT_OBJC_ISA_USAGE = YES_ERROR;
				CLANG_WARN_DOCUMENTATION_COMMENTS = YES;
				CLANG_WARN_EMPTY_BODY = YES;
				CLANG_WARN_ENUM_CONVERSION = YES;
				CLANG_WARN_INFINITE_RECURSION = YES;
				CLANG_WARN_INT_CONVERSION = YES;
				CLANG_WARN_NON_LITERAL_NULL_CONVERSION = YES;
				CLANG_WARN_OBJC_IMPLICIT_RETAIN_SELF = YES;
				CLANG_WARN_OBJC_LITERAL_CONVERSION = YES;
				CLANG_WARN_OBJC_ROOT_CLASS = YES_ERROR;
				CLANG_WARN_RANGE_LOOP_ANALYSIS = YES;
				CLANG_WARN_STRICT_PROTOTYPES = YES;
				CLANG_WARN_SUSPICIOUS_MOVE = YES;
				CLANG_WARN_UNGUARDED_AVAILABILITY = YES_AGGRESSIVE;
				CLANG_WARN_UNREACHABLE_CODE = YES;
				CLANG_WARN__DUPLICATE_METHOD_MATCH = YES;
				CODE_SIGN_IDENTITY = "iPhone Developer";
				COPY_PHASE_STRIP = NO;
				DEBUG_INFORMATION_FORMAT = "dwarf-with-dsym";
				ENABLE_NS_ASSERTIONS = NO;
				ENABLE_STRICT_OBJC_MSGSEND = YES;
				GCC_C_LANGUAGE_STANDARD = gnu11;
				GCC_NO_COMMON_BLOCKS = YES;
				GCC_WARN_64_TO_32_BIT_CONVERSION = YES;
				GCC_WARN_ABOUT_RETURN_TYPE = YES_ERROR;
				GCC_WARN_UNDECLARED_SELECTOR = YES;
				GCC_WARN_UNINITIALIZED_AUTOS = YES_AGGRESSIVE;
				GCC_WARN_UNUSED_FUNCTION = YES;
				GCC_WARN_UNUSED_VARIABLE = YES;
				IPHONEOS_DEPLOYMENT_TARGET = 10.0;
				MTL_ENABLE_DEBUG_INFO = NO;
				SDKROOT = iphoneos;
				SWIFT_COMPILATION_MODE = wholemodule;
				SWIFT_OPTIMIZATION_LEVEL = "-O";
				VALIDATE_PRODUCT = YES;
			};
			name = Release;
		};
		4E5E8B76216A7A44002B564C /* Debug */ = {
			isa = XCBuildConfiguration;
			buildSettings = {
				ASSETCATALOG_COMPILER_APPICON_NAME = AppIcon;
				CODE_SIGN_IDENTITY = "iPhone Developer";
				CODE_SIGN_STYLE = Manual;
				DEVELOPMENT_TEAM = 8DT5Y3HP4L;
				INFOPLIST_FILE = LeaseTracker/Info.plist;
				LD_RUNPATH_SEARCH_PATHS = (
					"$(inherited)",
					"@executable_path/Frameworks",
				);
				PRODUCT_BUNDLE_IDENTIFIER = com.marizack.LeaseTracker;
				PRODUCT_NAME = "$(TARGET_NAME)";
				PROVISIONING_PROFILE = "585c73aa-d700-4d18-bede-bf22abad0aa9";
				PROVISIONING_PROFILE_SPECIFIER = "Lease Tracker Dev Provisioning Profile";
				SWIFT_VERSION = 4.2;
				TARGETED_DEVICE_FAMILY = "1,2";
			};
			name = Debug;
		};
		4E5E8B77216A7A44002B564C /* Release */ = {
			isa = XCBuildConfiguration;
			buildSettings = {
				ASSETCATALOG_COMPILER_APPICON_NAME = AppIcon;
				CODE_SIGN_IDENTITY = "iPhone Distribution";
				CODE_SIGN_STYLE = Manual;
				DEVELOPMENT_TEAM = 8DT5Y3HP4L;
				INFOPLIST_FILE = LeaseTracker/Info.plist;
				LD_RUNPATH_SEARCH_PATHS = (
					"$(inherited)",
					"@executable_path/Frameworks",
				);
				PRODUCT_BUNDLE_IDENTIFIER = com.marizack.LeaseTracker;
				PRODUCT_NAME = "$(TARGET_NAME)";
				PROVISIONING_PROFILE = "585c73aa-d700-4d18-bede-bf22abad0aa9";
				PROVISIONING_PROFILE_SPECIFIER = "Lease Tracker Application Ad-Hoc Dist Profile";
				SWIFT_VERSION = 4.2;
				TARGETED_DEVICE_FAMILY = "1,2";
			};
			name = Release;
		};
/* End XCBuildConfiguration section */

/* Begin XCConfigurationList section */
		4E5E8B5E216A7A43002B564C /* Build configuration list for PBXProject "LeaseTracker" */ = {
			isa = XCConfigurationList;
			buildConfigurations = (
				4E5E8B73216A7A44002B564C /* Debug */,
				4E5E8B74216A7A44002B564C /* Release */,
			);
			defaultConfigurationIsVisible = 0;
			defaultConfigurationName = Release;
		};
		4E5E8B75216A7A44002B564C /* Build configuration list for PBXNativeTarget "LeaseTracker" */ = {
			isa = XCConfigurationList;
			buildConfigurations = (
				4E5E8B76216A7A44002B564C /* Debug */,
				4E5E8B77216A7A44002B564C /* Release */,
			);
			defaultConfigurationIsVisible = 0;
			defaultConfigurationName = Release;
		};
/* End XCConfigurationList section */
	};
	rootObject = 4E5E8B5B216A7A43002B564C /* Project object */;
}
